
Microsoft Visual Studio Solution File, Format Version 12.00
# Visual Studio Version 17
VisualStudioVersion = 17.7.33808.371
MinimumVisualStudioVersion = 10.0.40219.1
Project("{FAE04EC0-301F-11D3-BF4B-00C04F79EFBC}") = "mod5", "mod5\mod5.csproj", "{486B6809-8B37-40C6-8619-DD8FF6E81169}"
EndProject
Global
	GlobalSection(SolutionConfigurationPlatforms) = preSolution
		Debug|Any CPU = Debug|Any CPU
		Release|Any CPU = Release|Any CPU
	EndGlobalSection
	GlobalSection(ProjectConfigurationPlatforms) = postSolution
		{486B6809-8B37-40C6-8619-DD8FF6E81169}.Debug|Any CPU.ActiveCfg = Debug|Any CPU
		{486B6809-8B37-40C6-8619-DD8FF6E81169}.Debug|Any CPU.Build.0 = Debug|Any CPU
		{486B6809-8B37-40C6-8619-DD8FF6E81169}.Release|Any CPU.ActiveCfg = Release|Any CPU
		{486B6809-8B37-40C6-8619-DD8FF6E81169}.Release|Any CPU.Build.0 = Release|Any CPU
	EndGlobalSection
	GlobalSection(SolutionProperties) = preSolution
		HideSolutionNode = FALSE
	EndGlobalSection
	GlobalSection(ExtensibilityGlobals) = postSolution
		SolutionGuid = {DA0C2B1B-9AF7-42E2-9BBC-C61627EACB36}
	EndGlobalSection
EndGlobal
