
Microsoft Visual Studio Solution File, Format Version 12.00
# Visual Studio Version 17
VisualStudioVersion = 17.7.33808.371
MinimumVisualStudioVersion = 10.0.40219.1
Project("{FAE04EC0-301F-11D3-BF4B-00C04F79EFBC}") = "mod6", "mod6\mod6.csproj", "{D81EB7B3-827A-4037-B51F-8CF0DD7CB5EA}"
EndProject
Global
	GlobalSection(SolutionConfigurationPlatforms) = preSolution
		Debug|Any CPU = Debug|Any CPU
		Release|Any CPU = Release|Any CPU
	EndGlobalSection
	GlobalSection(ProjectConfigurationPlatforms) = postSolution
		{D81EB7B3-827A-4037-B51F-8CF0DD7CB5EA}.Debug|Any CPU.ActiveCfg = Debug|Any CPU
		{D81EB7B3-827A-4037-B51F-8CF0DD7CB5EA}.Debug|Any CPU.Build.0 = Debug|Any CPU
		{D81EB7B3-827A-4037-B51F-8CF0DD7CB5EA}.Release|Any CPU.ActiveCfg = Release|Any CPU
		{D81EB7B3-827A-4037-B51F-8CF0DD7CB5EA}.Release|Any CPU.Build.0 = Release|Any CPU
	EndGlobalSection
	GlobalSection(SolutionProperties) = preSolution
		HideSolutionNode = FALSE
	EndGlobalSection
	GlobalSection(ExtensibilityGlobals) = postSolution
		SolutionGuid = {2D5AA615-6102-476C-B408-DB7A978EA767}
	EndGlobalSection
EndGlobal
